
Microsoft Visual Studio Solution File, Format Version 12.00
# Visual Studio Version 16
VisualStudioVersion = 16.0.30517.126
MinimumVisualStudioVersion = 10.0.40219.1
Project("{9A19103F-16F7-4668-BE54-9A1E7A4F7556}") = "InMemoryApp.Web", "InMemoryApp.Web\InMemoryApp.Web.csproj", "{6FDFCFFE-712C-4396-8335-B9C23B703E9A}"
EndProject
Project("{9A19103F-16F7-4668-BE54-9A1E7A4F7556}") = "IDistributedCacheRedisApp.Web", "IDistributedCacheRedisApp.Web\IDistributedCacheRedisApp.Web.csproj", "{6D3B2102-39CE-401A-B0CC-DA96D326FE5A}"
EndProject
Project("{FAE04EC0-301F-11D3-BF4B-00C04F79EFBC}") = "RedisExchangeApp.Web", "RedisExchangeApp.Web\RedisExchangeApp.Web.csproj", "{40659175-0C41-4881-80CE-38E4B78651DA}"
EndProject
Global
	GlobalSection(SolutionConfigurationPlatforms) = preSolution
		Debug|Any CPU = Debug|Any CPU
		Release|Any CPU = Release|Any CPU
	EndGlobalSection
	GlobalSection(ProjectConfigurationPlatforms) = postSolution
		{6FDFCFFE-712C-4396-8335-B9C23B703E9A}.Debug|Any CPU.ActiveCfg = Debug|Any CPU
		{6FDFCFFE-712C-4396-8335-B9C23B703E9A}.Debug|Any CPU.Build.0 = Debug|Any CPU
		{6FDFCFFE-712C-4396-8335-B9C23B703E9A}.Release|Any CPU.ActiveCfg = Release|Any CPU
		{6FDFCFFE-712C-4396-8335-B9C23B703E9A}.Release|Any CPU.Build.0 = Release|Any CPU
		{6D3B2102-39CE-401A-B0CC-DA96D326FE5A}.Debug|Any CPU.ActiveCfg = Debug|Any CPU
		{6D3B2102-39CE-401A-B0CC-DA96D326FE5A}.Debug|Any CPU.Build.0 = Debug|Any CPU
		{6D3B2102-39CE-401A-B0CC-DA96D326FE5A}.Release|Any CPU.ActiveCfg = Release|Any CPU
		{6D3B2102-39CE-401A-B0CC-DA96D326FE5A}.Release|Any CPU.Build.0 = Release|Any CPU
		{40659175-0C41-4881-80CE-38E4B78651DA}.Debug|Any CPU.ActiveCfg = Debug|Any CPU
		{40659175-0C41-4881-80CE-38E4B78651DA}.Debug|Any CPU.Build.0 = Debug|Any CPU
		{40659175-0C41-4881-80CE-38E4B78651DA}.Release|Any CPU.ActiveCfg = Release|Any CPU
		{40659175-0C41-4881-80CE-38E4B78651DA}.Release|Any CPU.Build.0 = Release|Any CPU
	EndGlobalSection
	GlobalSection(SolutionProperties) = preSolution
		HideSolutionNode = FALSE
	EndGlobalSection
	GlobalSection(ExtensibilityGlobals) = postSolution
		SolutionGuid = {AA65B413-EB88-4FD4-B09F-D0E13999AF1B}
	EndGlobalSection
EndGlobal
